// !$*UTF8*$!
{
	archiveVersion = 1;
	classes = {
	};
	objectVersion = 50;
	objects = {

/* Begin PBXBuildFile section */
		440EFAD126C54D2800ACAEC6 /* AppDelegate.swift in Sources */ = {isa = PBXBuildFile; fileRef = 440EFAD026C54D2800ACAEC6 /* AppDelegate.swift */; };
		440EFAD326C54D2800ACAEC6 /* SceneDelegate.swift in Sources */ = {isa = PBXBuildFile; fileRef = 440EFAD226C54D2800ACAEC6 /* SceneDelegate.swift */; };
		440EFAD526C54D2800ACAEC6 /* ViewController.swift in Sources */ = {isa = PBXBuildFile; fileRef = 440EFAD426C54D2800ACAEC6 /* ViewController.swift */; };
		440EFAD826C54D2800ACAEC6 /* Main.storyboard in Resources */ = {isa = PBXBuildFile; fileRef = 440EFAD626C54D2800ACAEC6 /* Main.storyboard */; };
		440EFADA26C54D2F00ACAEC6 /* Assets.xcassets in Resources */ = {isa = PBXBuildFile; fileRef = 440EFAD926C54D2F00ACAEC6 /* Assets.xcassets */; };
		440EFADD26C54D2F00ACAEC6 /* LaunchScreen.storyboard in Resources */ = {isa = PBXBuildFile; fileRef = 440EFADB26C54D2F00ACAEC6 /* LaunchScreen.storyboard */; };
/* End PBXBuildFile section */

/* Begin PBXFileReference section */
		440EFACD26C54D2800ACAEC6 /* EnvSchemes.app */ = {isa = PBXFileReference; explicitFileType = wrapper.application; includeInIndex = 0; path = EnvSchemes.app; sourceTree = BUILT_PRODUCTS_DIR; };
		440EFAD026C54D2800ACAEC6 /* AppDelegate.swift */ = {isa = PBXFileReference; lastKnownFileType = sourcecode.swift; path = AppDelegate.swift; sourceTree = "<group>"; };
		440EFAD226C54D2800ACAEC6 /* SceneDelegate.swift */ = {isa = PBXFileReference; lastKnownFileType = sourcecode.swift; path = SceneDelegate.swift; sourceTree = "<group>"; };
		440EFAD426C54D2800ACAEC6 /* ViewController.swift */ = {isa = PBXFileReference; lastKnownFileType = sourcecode.swift; path = ViewController.swift; sourceTree = "<group>"; };
		440EFAD726C54D2800ACAEC6 /* Base */ = {isa = PBXFileReference; lastKnownFileType = file.storyboard; name = Base; path = Base.lproj/Main.storyboard; sourceTree = "<group>"; };
		440EFAD926C54D2F00ACAEC6 /* Assets.xcassets */ = {isa = PBXFileReference; lastKnownFileType = folder.assetcatalog; path = Assets.xcassets; sourceTree = "<group>"; };
		440EFADC26C54D2F00ACAEC6 /* Base */ = {isa = PBXFileReference; lastKnownFileType = file.storyboard; name = Base; path = Base.lproj/LaunchScreen.storyboard; sourceTree = "<group>"; };
		440EFADE26C54D2F00ACAEC6 /* Info.plist */ = {isa = PBXFileReference; lastKnownFileType = text.plist.xml; path = Info.plist; sourceTree = "<group>"; };
/* End PBXFileReference section */

/* Begin PBXFrameworksBuildPhase section */
		440EFACA26C54D2800ACAEC6 /* Frameworks */ = {
			isa = PBXFrameworksBuildPhase;
			buildActionMask = 2147483647;
			files = (
			);
			runOnlyForDeploymentPostprocessing = 0;
		};
/* End PBXFrameworksBuildPhase section */

/* Begin PBXGroup section */
		440EFAC426C54D2800ACAEC6 = {
			isa = PBXGroup;
			children = (
				440EFACF26C54D2800ACAEC6 /* EnvSchemes */,
				440EFACE26C54D2800ACAEC6 /* Products */,
			);
			sourceTree = "<group>";
		};
		440EFACE26C54D2800ACAEC6 /* Products */ = {
			isa = PBXGroup;
			children = (
				440EFACD26C54D2800ACAEC6 /* EnvSchemes.app */,
			);
			name = Products;
			sourceTree = "<group>";
		};
		440EFACF26C54D2800ACAEC6 /* EnvSchemes */ = {
			isa = PBXGroup;
			children = (
				440EFAD026C54D2800ACAEC6 /* AppDelegate.swift */,
				440EFAD226C54D2800ACAEC6 /* SceneDelegate.swift */,
				440EFAD426C54D2800ACAEC6 /* ViewController.swift */,
				440EFAD626C54D2800ACAEC6 /* Main.storyboard */,
				440EFAD926C54D2F00ACAEC6 /* Assets.xcassets */,
				440EFADB26C54D2F00ACAEC6 /* LaunchScreen.storyboard */,
				440EFADE26C54D2F00ACAEC6 /* Info.plist */,
			);
			path = EnvSchemes;
			sourceTree = "<group>";
		};
/* End PBXGroup section */

/* Begin PBXNativeTarget section */
		440EFACC26C54D2800ACAEC6 /* EnvSchemes */ = {
			isa = PBXNativeTarget;
			buildConfigurationList = 440EFAE126C54D2F00ACAEC6 /* Build configuration list for PBXNativeTarget "EnvSchemes" */;
			buildPhases = (
				440EFAC926C54D2800ACAEC6 /* Sources */,
				440EFACA26C54D2800ACAEC6 /* Frameworks */,
				440EFACB26C54D2800ACAEC6 /* Resources */,
			);
			buildRules = (
			);
			dependencies = (
			);
			name = EnvSchemes;
			productName = EnvSchemes;
			productReference = 440EFACD26C54D2800ACAEC6 /* EnvSchemes.app */;
			productType = "com.apple.product-type.application";
		};
/* End PBXNativeTarget section */

/* Begin PBXProject section */
		440EFAC526C54D2800ACAEC6 /* Project object */ = {
			isa = PBXProject;
			attributes = {
				LastSwiftUpdateCheck = 1240;
				LastUpgradeCheck = 1240;
				TargetAttributes = {
					440EFACC26C54D2800ACAEC6 = {
						CreatedOnToolsVersion = 12.4;
					};
				};
			};
			buildConfigurationList = 440EFAC826C54D2800ACAEC6 /* Build configuration list for PBXProject "EnvSchemes" */;
			compatibilityVersion = "Xcode 9.3";
			developmentRegion = en;
			hasScannedForEncodings = 0;
			knownRegions = (
				en,
				Base,
			);
			mainGroup = 440EFAC426C54D2800ACAEC6;
			productRefGroup = 440EFACE26C54D2800ACAEC6 /* Products */;
			projectDirPath = "";
			projectRoot = "";
			targets = (
				440EFACC26C54D2800ACAEC6 /* EnvSchemes */,
			);
		};
/* End PBXProject section */

/* Begin PBXResourcesBuildPhase section */
		440EFACB26C54D2800ACAEC6 /* Resources */ = {
			isa = PBXResourcesBuildPhase;
			buildActionMask = 2147483647;
			files = (
				440EFADD26C54D2F00ACAEC6 /* LaunchScreen.storyboard in Resources */,
				440EFADA26C54D2F00ACAEC6 /* Assets.xcassets in Resources */,
				440EFAD826C54D2800ACAEC6 /* Main.storyboard in Resources */,
			);
			runOnlyForDeploymentPostprocessing = 0;
		};
/* End PBXResourcesBuildPhase section */

/* Begin PBXSourcesBuildPhase section */
		440EFAC926C54D2800ACAEC6 /* Sources */ = {
			isa = PBXSourcesBuildPhase;
			buildActionMask = 2147483647;
			files = (
				440EFAD526C54D2800ACAEC6 /* ViewController.swift in Sources */,
				440EFAD126C54D2800ACAEC6 /* AppDelegate.swift in Sources */,
				440EFAD326C54D2800ACAEC6 /* SceneDelegate.swift in Sources */,
			);
			runOnlyForDeploymentPostprocessing = 0;
		};
/* End PBXSourcesBuildPhase section */

/* Begin PBXVariantGroup section */
		440EFAD626C54D2800ACAEC6 /* Main.storyboard */ = {
			isa = PBXVariantGroup;
			children = (
				440EFAD726C54D2800ACAEC6 /* Base */,
			);
			name = Main.storyboard;
			sourceTree = "<group>";
		};
		440EFADB26C54D2F00ACAEC6 /* LaunchScreen.storyboard */ = {
			isa = PBXVariantGroup;
			children = (
				440EFADC26C54D2F00ACAEC6 /* Base */,
			);
			name = LaunchScreen.storyboard;
			sourceTree = "<group>";
		};
/* End PBXVariantGroup section */

/* Begin XCBuildConfiguration section */
		440EFADF26C54D2F00ACAEC6 /* Debug */ = {
			isa = XCBuildConfiguration;
			buildSettings = {
				ALWAYS_SEARCH_USER_PATHS = NO;
				CLANG_ANALYZER_NONNULL = YES;
				CLANG_ANALYZER_NUMBER_OBJECT_CONVERSION = YES_AGGRESSIVE;
				CLANG_CXX_LANGUAGE_STANDARD = "gnu++14";
				CLANG_CXX_LIBRARY = "libc++";
				CLANG_ENABLE_MODULES = YES;
				CLANG_ENABLE_OBJC_ARC = YES;
				CLANG_ENABLE_OBJC_WEAK = YES;
				CLANG_WARN_BLOCK_CAPTURE_AUTORELEASING = YES;
				CLANG_WARN_BOOL_CONVERSION = YES;
				CLANG_WARN_COMMA = YES;
				CLANG_WARN_CONSTANT_CONVERSION = YES;
				CLANG_WARN_DEPRECATED_OBJC_IMPLEMENTATIONS = YES;
				CLANG_WARN_DIRECT_OBJC_ISA_USAGE = YES_ERROR;
				CLANG_WARN_DOCUMENTATION_COMMENTS = YES;
				CLANG_WARN_EMPTY_BODY = YES;
				CLANG_WARN_ENUM_CONVERSION = YES;
				CLANG_WARN_INFINITE_RECURSION = YES;
				CLANG_WARN_INT_CONVERSION = YES;
				CLANG_WARN_NON_LITERAL_NULL_CONVERSION = YES;
				CLANG_WARN_OBJC_IMPLICIT_RETAIN_SELF = YES;
				CLANG_WARN_OBJC_LITERAL_CONVERSION = YES;
				CLANG_WARN_OBJC_ROOT_CLASS = YES_ERROR;
				CLANG_WARN_QUOTED_INCLUDE_IN_FRAMEWORK_HEADER = YES;
				CLANG_WARN_RANGE_LOOP_ANALYSIS = YES;
				CLANG_WARN_STRICT_PROTOTYPES = YES;
				CLANG_WARN_SUSPICIOUS_MOVE = YES;
				CLANG_WARN_UNGUARDED_AVAILABILITY = YES_AGGRESSIVE;
				CLANG_WARN_UNREACHABLE_CODE = YES;
				CLANG_WARN__DUPLICATE_METHOD_MATCH = YES;
				COPY_PHASE_STRIP = NO;
				DEBUG_INFORMATION_FORMAT = dwarf;
				ENABLE_STRICT_OBJC_MSGSEND = YES;
				ENABLE_TESTABILITY = YES;
				GCC_C_LANGUAGE_STANDARD = gnu11;
				GCC_DYNAMIC_NO_PIC = NO;
				GCC_NO_COMMON_BLOCKS = YES;
				GCC_OPTIMIZATION_LEVEL = 0;
				GCC_PREPROCESSOR_DEFINITIONS = (
					"DEBUG=1",
					"$(inherited)",
				);
				GCC_WARN_64_TO_32_BIT_CONVERSION = YES;
				GCC_WARN_ABOUT_RETURN_TYPE = YES_ERROR;
				GCC_WARN_UNDECLARED_SELECTOR = YES;
				GCC_WARN_UNINITIALIZED_AUTOS = YES_AGGRESSIVE;
				GCC_WARN_UNUSED_FUNCTION = YES;
				GCC_WARN_UNUSED_VARIABLE = YES;
				IPHONEOS_DEPLOYMENT_TARGET = 14.4;
				MTL_ENABLE_DEBUG_INFO = INCLUDE_SOURCE;
				MTL_FAST_MATH = YES;
				ONLY_ACTIVE_ARCH = YES;
				SDKROOT = iphoneos;
				SWIFT_ACTIVE_COMPILATION_CONDITIONS = DEBUG;
				SWIFT_OPTIMIZATION_LEVEL = "-Onone";
			};
			name = Debug;
		};
		440EFAE026C54D2F00ACAEC6 /* Release */ = {
			isa = XCBuildConfiguration;
			buildSettings = {
				ALWAYS_SEARCH_USER_PATHS = NO;
				CLANG_ANALYZER_NONNULL = YES;
				CLANG_ANALYZER_NUMBER_OBJECT_CONVERSION = YES_AGGRESSIVE;
				CLANG_CXX_LANGUAGE_STANDARD = "gnu++14";
				CLANG_CXX_LIBRARY = "libc++";
				CLANG_ENABLE_MODULES = YES;
				CLANG_ENABLE_OBJC_ARC = YES;
				CLANG_ENABLE_OBJC_WEAK = YES;
				CLANG_WARN_BLOCK_CAPTURE_AUTORELEASING = YES;
				CLANG_WARN_BOOL_CONVERSION = YES;
				CLANG_WARN_COMMA = YES;
				CLANG_WARN_CONSTANT_CONVERSION = YES;
				CLANG_WARN_DEPRECATED_OBJC_IMPLEMENTATIONS = YES;
				CLANG_WARN_DIRECT_OBJC_ISA_USAGE = YES_ERROR;
				CLANG_WARN_DOCUMENTATION_COMMENTS = YES;
				CLANG_WARN_EMPTY_BODY = YES;
				CLANG_WARN_ENUM_CONVERSION = YES;
				CLANG_WARN_INFINITE_RECURSION = YES;
				CLANG_WARN_INT_CONVERSION = YES;
				CLANG_WARN_NON_LITERAL_NULL_CONVERSION = YES;
				CLANG_WARN_OBJC_IMPLICIT_RETAIN_SELF = YES;
				CLANG_WARN_OBJC_LITERAL_CONVERSION = YES;
				CLANG_WARN_OBJC_ROOT_CLASS = YES_ERROR;
				CLANG_WARN_QUOTED_INCLUDE_IN_FRAMEWORK_HEADER = YES;
				CLANG_WARN_RANGE_LOOP_ANALYSIS = YES;
				CLANG_WARN_STRICT_PROTOTYPES = YES;
				CLANG_WARN_SUSPICIOUS_MOVE = YES;
				CLANG_WARN_UNGUARDED_AVAILABILITY = YES_AGGRESSIVE;
				CLANG_WARN_UNREACHABLE_CODE = YES;
				CLANG_WARN__DUPLICATE_METHOD_MATCH = YES;
				COPY_PHASE_STRIP = NO;
				DEBUG_INFORMATION_FORMAT = "dwarf-with-dsym";
				ENABLE_NS_ASSERTIONS = NO;
				ENABLE_STRICT_OBJC_MSGSEND = YES;
				GCC_C_LANGUAGE_STANDARD = gnu11;
				GCC_NO_COMMON_BLOCKS = YES;
				GCC_WARN_64_TO_32_BIT_CONVERSION = YES;
				GCC_WARN_ABOUT_RETURN_TYPE = YES_ERROR;
				GCC_WARN_UNDECLARED_SELECTOR = YES;
				GCC_WARN_UNINITIALIZED_AUTOS = YES_AGGRESSIVE;
				GCC_WARN_UNUSED_FUNCTION = YES;
				GCC_WARN_UNUSED_VARIABLE = YES;
				IPHONEOS_DEPLOYMENT_TARGET = 14.4;
				MTL_ENABLE_DEBUG_INFO = NO;
				MTL_FAST_MATH = YES;
				SDKROOT = iphoneos;
				SWIFT_COMPILATION_MODE = wholemodule;
				SWIFT_OPTIMIZATION_LEVEL = "-O";
				VALIDATE_PRODUCT = YES;
			};
			name = Release;
		};
		440EFAE226C54D2F00ACAEC6 /* Debug */ = {
			isa = XCBuildConfiguration;
			buildSettings = {
				ASSETCATALOG_COMPILER_APPICON_NAME = AppIcon;
				ASSETCATALOG_COMPILER_GLOBAL_ACCENT_COLOR_NAME = AccentColor;
				CODE_SIGN_STYLE = Automatic;
				DEVELOPMENT_TEAM = 5SXHZ3Y878;
				INFOPLIST_FILE = EnvSchemes/Info.plist;
				LD_RUNPATH_SEARCH_PATHS = (
					"$(inherited)",
					"@executable_path/Frameworks",
				);
				PRODUCT_BUNDLE_IDENTIFIER = ec.EnvSchemes;
				PRODUCT_NAME = "$(TARGET_NAME)";
				SWIFT_VERSION = 5.0;
				TARGETED_DEVICE_FAMILY = "1,2";
			};
			name = Debug;
		};
		440EFAE326C54D2F00ACAEC6 /* Release */ = {
			isa = XCBuildConfiguration;
			buildSettings = {
				ASSETCATALOG_COMPILER_APPICON_NAME = AppIcon;
				ASSETCATALOG_COMPILER_GLOBAL_ACCENT_COLOR_NAME = AccentColor;
				CODE_SIGN_STYLE = Automatic;
				DEVELOPMENT_TEAM = 5SXHZ3Y878;
				INFOPLIST_FILE = EnvSchemes/Info.plist;
				LD_RUNPATH_SEARCH_PATHS = (
					"$(inherited)",
					"@executable_path/Frameworks",
				);
				PRODUCT_BUNDLE_IDENTIFIER = ec.EnvSchemes;
				PRODUCT_NAME = "$(TARGET_NAME)";
				SWIFT_VERSION = 5.0;
				TARGETED_DEVICE_FAMILY = "1,2";
			};
			name = Release;
		};
/* End XCBuildConfiguration section */

/* Begin XCConfigurationList section */
		440EFAC826C54D2800ACAEC6 /* Build configuration list for PBXProject "EnvSchemes" */ = {
			isa = XCConfigurationList;
			buildConfigurations = (
				440EFADF26C54D2F00ACAEC6 /* Debug */,
				440EFAE026C54D2F00ACAEC6 /* Release */,
			);
			defaultConfigurationIsVisible = 0;
			defaultConfigurationName = Release;
		};
		440EFAE126C54D2F00ACAEC6 /* Build configuration list for PBXNativeTarget "EnvSchemes" */ = {
			isa = XCConfigurationList;
			buildConfigurations = (
				440EFAE226C54D2F00ACAEC6 /* Debug */,
				440EFAE326C54D2F00ACAEC6 /* Release */,
			);
			defaultConfigurationIsVisible = 0;
			defaultConfigurationName = Release;
		};
/* End XCConfigurationList section */
	};
	rootObject = 440EFAC526C54D2800ACAEC6 /* Project object */;
}
